
Microsoft Visual Studio Solution File, Format Version 12.00
# Visual Studio Version 17
VisualStudioVersion = 17.1.32414.318
MinimumVisualStudioVersion = 10.0.40219.1
Project("{9A19103F-16F7-4668-BE54-9A1E7A4F7556}") = "Telcel.R9.Estructura.AccesoDatos", "Telcel.R9.Estructura.AccesoDatos\Telcel.R9.Estructura.AccesoDatos.csproj", "{203C25B2-931D-45A5-B366-AD092D06423E}"
EndProject
Project("{9A19103F-16F7-4668-BE54-9A1E7A4F7556}") = "Telcel.R9.Estructura.Negocio", "Telcel.R9.Estructura.Negocio\Telcel.R9.Estructura.Negocio.csproj", "{D6D9A51A-BD85-4224-894A-64EF6D8BC146}"
EndProject
Project("{9A19103F-16F7-4668-BE54-9A1E7A4F7556}") = "Telcel.R9.Estructura.Presentacion", "Telcel.R9.Estructura.Presentacion\Telcel.R9.Estructura.Presentacion.csproj", "{AA221D8C-0D2F-4CDE-9014-14374AD7F557}"
EndProject
Project("{FAE04EC0-301F-11D3-BF4B-00C04F79EFBC}") = "Sl_WebAPI", "Sl_WebAPI\Sl_WebAPI.csproj", "{1AAB8E81-D1D5-46CF-AB40-EF22A6A55EBB}"
EndProject
Global
	GlobalSection(SolutionConfigurationPlatforms) = preSolution
		Debug|Any CPU = Debug|Any CPU
		Release|Any CPU = Release|Any CPU
	EndGlobalSection
	GlobalSection(ProjectConfigurationPlatforms) = postSolution
		{203C25B2-931D-45A5-B366-AD092D06423E}.Debug|Any CPU.ActiveCfg = Debug|Any CPU
		{203C25B2-931D-45A5-B366-AD092D06423E}.Debug|Any CPU.Build.0 = Debug|Any CPU
		{203C25B2-931D-45A5-B366-AD092D06423E}.Release|Any CPU.ActiveCfg = Release|Any CPU
		{203C25B2-931D-45A5-B366-AD092D06423E}.Release|Any CPU.Build.0 = Release|Any CPU
		{D6D9A51A-BD85-4224-894A-64EF6D8BC146}.Debug|Any CPU.ActiveCfg = Debug|Any CPU
		{D6D9A51A-BD85-4224-894A-64EF6D8BC146}.Debug|Any CPU.Build.0 = Debug|Any CPU
		{D6D9A51A-BD85-4224-894A-64EF6D8BC146}.Release|Any CPU.ActiveCfg = Release|Any CPU
		{D6D9A51A-BD85-4224-894A-64EF6D8BC146}.Release|Any CPU.Build.0 = Release|Any CPU
		{AA221D8C-0D2F-4CDE-9014-14374AD7F557}.Debug|Any CPU.ActiveCfg = Debug|Any CPU
		{AA221D8C-0D2F-4CDE-9014-14374AD7F557}.Debug|Any CPU.Build.0 = Debug|Any CPU
		{AA221D8C-0D2F-4CDE-9014-14374AD7F557}.Release|Any CPU.ActiveCfg = Release|Any CPU
		{AA221D8C-0D2F-4CDE-9014-14374AD7F557}.Release|Any CPU.Build.0 = Release|Any CPU
		{1AAB8E81-D1D5-46CF-AB40-EF22A6A55EBB}.Debug|Any CPU.ActiveCfg = Debug|Any CPU
		{1AAB8E81-D1D5-46CF-AB40-EF22A6A55EBB}.Debug|Any CPU.Build.0 = Debug|Any CPU
		{1AAB8E81-D1D5-46CF-AB40-EF22A6A55EBB}.Release|Any CPU.ActiveCfg = Release|Any CPU
		{1AAB8E81-D1D5-46CF-AB40-EF22A6A55EBB}.Release|Any CPU.Build.0 = Release|Any CPU
	EndGlobalSection
	GlobalSection(SolutionProperties) = preSolution
		HideSolutionNode = FALSE
	EndGlobalSection
	GlobalSection(ExtensibilityGlobals) = postSolution
		SolutionGuid = {02C1F793-3A18-45EA-BD5D-3318757BA7BD}
	EndGlobalSection
EndGlobal
